
Microsoft Visual Studio Solution File, Format Version 12.00
# Visual Studio 15
VisualStudioVersion = 15.0.27703.2042
MinimumVisualStudioVersion = 10.0.40219.1
Project("{FAE04EC0-301F-11D3-BF4B-00C04F79EFBC}") = "FlattenerTests", "FlattenerTests\FlattenerTests.csproj", "{BFE7F547-A226-470C-84FD-90A3A4933F41}"
EndProject
Project("{FAE04EC0-301F-11D3-BF4B-00C04F79EFBC}") = "Flattener", "Flattener\Flattener.csproj", "{09D8D9A4-C43E-4264-ABF2-0F8A8118D43E}"
EndProject
Project("{2150E333-8FDC-42A3-9474-1A3956D46DE8}") = "Solution Items", "Solution Items", "{435900C3-462C-4D6F-A7C4-CD703F6B4FC5}"
	ProjectSection(SolutionItems) = preProject
		Performance1.psess = Performance1.psess
	EndProjectSection
EndProject
Global
	GlobalSection(SolutionConfigurationPlatforms) = preSolution
		Debug|Any CPU = Debug|Any CPU
		Release|Any CPU = Release|Any CPU
	EndGlobalSection
	GlobalSection(ProjectConfigurationPlatforms) = postSolution
		{BFE7F547-A226-470C-84FD-90A3A4933F41}.Debug|Any CPU.ActiveCfg = Debug|Any CPU
		{BFE7F547-A226-470C-84FD-90A3A4933F41}.Debug|Any CPU.Build.0 = Debug|Any CPU
		{BFE7F547-A226-470C-84FD-90A3A4933F41}.Release|Any CPU.ActiveCfg = Release|Any CPU
		{BFE7F547-A226-470C-84FD-90A3A4933F41}.Release|Any CPU.Build.0 = Release|Any CPU
		{09D8D9A4-C43E-4264-ABF2-0F8A8118D43E}.Debug|Any CPU.ActiveCfg = Debug|Any CPU
		{09D8D9A4-C43E-4264-ABF2-0F8A8118D43E}.Debug|Any CPU.Build.0 = Debug|Any CPU
		{09D8D9A4-C43E-4264-ABF2-0F8A8118D43E}.Release|Any CPU.ActiveCfg = Release|Any CPU
		{09D8D9A4-C43E-4264-ABF2-0F8A8118D43E}.Release|Any CPU.Build.0 = Release|Any CPU
	EndGlobalSection
	GlobalSection(SolutionProperties) = preSolution
		HideSolutionNode = FALSE
	EndGlobalSection
	GlobalSection(ExtensibilityGlobals) = postSolution
		SolutionGuid = {AEA5DA36-683A-45F6-BD4D-B7D792AFC786}
	EndGlobalSection
EndGlobal
